
Microsoft Visual Studio Solution File, Format Version 12.00
# Visual Studio 15
VisualStudioVersion = 15.0.28010.2041
MinimumVisualStudioVersion = 10.0.40219.1
Project("{FAE04EC0-301F-11D3-BF4B-00C04F79EFBC}") = "Nonogram Portal", "Nonogram Portal\Nonogram Portal.csproj", "{033B1F3B-563F-4F72-A87C-871DE2B9D15B}"
EndProject
Project("{FAE04EC0-301F-11D3-BF4B-00C04F79EFBC}") = "Nonogram Portal.Tests", "Nonogram Portal.Tests\Nonogram Portal.Tests.csproj", "{AFDFF864-4754-4BA6-A2B6-9C26C48150FF}"
EndProject
Global
	GlobalSection(SolutionConfigurationPlatforms) = preSolution
		Debug|Any CPU = Debug|Any CPU
		Release|Any CPU = Release|Any CPU
	EndGlobalSection
	GlobalSection(ProjectConfigurationPlatforms) = postSolution
		{033B1F3B-563F-4F72-A87C-871DE2B9D15B}.Debug|Any CPU.ActiveCfg = Debug|Any CPU
		{033B1F3B-563F-4F72-A87C-871DE2B9D15B}.Debug|Any CPU.Build.0 = Debug|Any CPU
		{033B1F3B-563F-4F72-A87C-871DE2B9D15B}.Release|Any CPU.ActiveCfg = Release|Any CPU
		{033B1F3B-563F-4F72-A87C-871DE2B9D15B}.Release|Any CPU.Build.0 = Release|Any CPU
		{AFDFF864-4754-4BA6-A2B6-9C26C48150FF}.Debug|Any CPU.ActiveCfg = Debug|Any CPU
		{AFDFF864-4754-4BA6-A2B6-9C26C48150FF}.Debug|Any CPU.Build.0 = Debug|Any CPU
		{AFDFF864-4754-4BA6-A2B6-9C26C48150FF}.Release|Any CPU.ActiveCfg = Release|Any CPU
		{AFDFF864-4754-4BA6-A2B6-9C26C48150FF}.Release|Any CPU.Build.0 = Release|Any CPU
	EndGlobalSection
	GlobalSection(SolutionProperties) = preSolution
		HideSolutionNode = FALSE
	EndGlobalSection
	GlobalSection(ExtensibilityGlobals) = postSolution
		SolutionGuid = {75C99328-6B46-4E96-8C13-F9565C34B4AD}
	EndGlobalSection
EndGlobal
